
Microsoft Visual Studio Solution File, Format Version 12.00
# Visual Studio Version 16
VisualStudioVersion = 16.0.30717.126
MinimumVisualStudioVersion = 10.0.40219.1
Project("{9A19103F-16F7-4668-BE54-9A1E7A4F7556}") = "CodeFirst.NetCore", "CodeFirst.NetCore.csproj", "{3195E914-1A1E-4357-8ADC-D03F81C3982F}"
EndProject
Project("{FAE04EC0-301F-11D3-BF4B-00C04F79EFBC}") = "CodeFirst.NetCore.Test", "..\CodeFirst.NetCore.Test\CodeFirst.NetCore.Test.csproj", "{8C29018B-F110-4484-99C6-F3A60662542F}"
EndProject
Global
	GlobalSection(SolutionConfigurationPlatforms) = preSolution
		Debug|Any CPU = Debug|Any CPU
		Release|Any CPU = Release|Any CPU
	EndGlobalSection
	GlobalSection(ProjectConfigurationPlatforms) = postSolution
		{3195E914-1A1E-4357-8ADC-D03F81C3982F}.Debug|Any CPU.ActiveCfg = Debug|Any CPU
		{3195E914-1A1E-4357-8ADC-D03F81C3982F}.Debug|Any CPU.Build.0 = Debug|Any CPU
		{3195E914-1A1E-4357-8ADC-D03F81C3982F}.Release|Any CPU.ActiveCfg = Release|Any CPU
		{3195E914-1A1E-4357-8ADC-D03F81C3982F}.Release|Any CPU.Build.0 = Release|Any CPU
		{8C29018B-F110-4484-99C6-F3A60662542F}.Debug|Any CPU.ActiveCfg = Debug|Any CPU
		{8C29018B-F110-4484-99C6-F3A60662542F}.Debug|Any CPU.Build.0 = Debug|Any CPU
		{8C29018B-F110-4484-99C6-F3A60662542F}.Release|Any CPU.ActiveCfg = Release|Any CPU
		{8C29018B-F110-4484-99C6-F3A60662542F}.Release|Any CPU.Build.0 = Release|Any CPU
	EndGlobalSection
	GlobalSection(SolutionProperties) = preSolution
		HideSolutionNode = FALSE
	EndGlobalSection
	GlobalSection(ExtensibilityGlobals) = postSolution
		SolutionGuid = {2C72D3C8-FE12-41ED-9B98-71807CC88E8E}
	EndGlobalSection
EndGlobal
